
Microsoft Visual Studio Solution File, Format Version 12.00
# Visual Studio Version 16
VisualStudioVersion = 16.0.32413.511
MinimumVisualStudioVersion = 10.0.40219.1
Project("{FAE04EC0-301F-11D3-BF4B-00C04F79EFBC}") = "ForLeonid", "ForLeonid\ForLeonid.csproj", "{B9729504-C4E5-46D2-A5E1-0C924CAC0514}"
EndProject
Global
	GlobalSection(SolutionConfigurationPlatforms) = preSolution
		Debug|Any CPU = Debug|Any CPU
		Release|Any CPU = Release|Any CPU
	EndGlobalSection
	GlobalSection(ProjectConfigurationPlatforms) = postSolution
		{B9729504-C4E5-46D2-A5E1-0C924CAC0514}.Debug|Any CPU.ActiveCfg = Debug|Any CPU
		{B9729504-C4E5-46D2-A5E1-0C924CAC0514}.Debug|Any CPU.Build.0 = Debug|Any CPU
		{B9729504-C4E5-46D2-A5E1-0C924CAC0514}.Release|Any CPU.ActiveCfg = Release|Any CPU
		{B9729504-C4E5-46D2-A5E1-0C924CAC0514}.Release|Any CPU.Build.0 = Release|Any CPU
	EndGlobalSection
	GlobalSection(SolutionProperties) = preSolution
		HideSolutionNode = FALSE
	EndGlobalSection
	GlobalSection(ExtensibilityGlobals) = postSolution
		SolutionGuid = {2C1DAF1A-D584-4B97-BF8D-FE394153247E}
	EndGlobalSection
EndGlobal
